
Microsoft Visual Studio Solution File, Format Version 12.00
# Visual Studio 2013
VisualStudioVersion = 12.0.21005.1
MinimumVisualStudioVersion = 10.0.40219.1
Project("{FAE04EC0-301F-11D3-BF4B-00C04F79EFBC}") = "01.Shapes", "Shapes\01.Shapes.csproj", "{D26EF86F-5D0B-4E98-A425-09CEEBBA7FEF}"
EndProject
Project("{FAE04EC0-301F-11D3-BF4B-00C04F79EFBC}") = "02.BankAccounts", "BankAccounts\02.BankAccounts.csproj", "{814413EC-454E-41B7-A646-CC232BC9867C}"
EndProject
Project("{FAE04EC0-301F-11D3-BF4B-00C04F79EFBC}") = "03.RangeExceptions", "RangeExceptions\03.RangeExceptions.csproj", "{0C244968-4288-47AD-97F2-B622FA4F7C71}"
EndProject
Global
	GlobalSection(SolutionConfigurationPlatforms) = preSolution
		Debug|Any CPU = Debug|Any CPU
		Release|Any CPU = Release|Any CPU
	EndGlobalSection
	GlobalSection(ProjectConfigurationPlatforms) = postSolution
		{D26EF86F-5D0B-4E98-A425-09CEEBBA7FEF}.Debug|Any CPU.ActiveCfg = Debug|Any CPU
		{D26EF86F-5D0B-4E98-A425-09CEEBBA7FEF}.Debug|Any CPU.Build.0 = Debug|Any CPU
		{D26EF86F-5D0B-4E98-A425-09CEEBBA7FEF}.Release|Any CPU.ActiveCfg = Release|Any CPU
		{D26EF86F-5D0B-4E98-A425-09CEEBBA7FEF}.Release|Any CPU.Build.0 = Release|Any CPU
		{814413EC-454E-41B7-A646-CC232BC9867C}.Debug|Any CPU.ActiveCfg = Debug|Any CPU
		{814413EC-454E-41B7-A646-CC232BC9867C}.Debug|Any CPU.Build.0 = Debug|Any CPU
		{814413EC-454E-41B7-A646-CC232BC9867C}.Release|Any CPU.ActiveCfg = Release|Any CPU
		{814413EC-454E-41B7-A646-CC232BC9867C}.Release|Any CPU.Build.0 = Release|Any CPU
		{0C244968-4288-47AD-97F2-B622FA4F7C71}.Debug|Any CPU.ActiveCfg = Debug|Any CPU
		{0C244968-4288-47AD-97F2-B622FA4F7C71}.Debug|Any CPU.Build.0 = Debug|Any CPU
		{0C244968-4288-47AD-97F2-B622FA4F7C71}.Release|Any CPU.ActiveCfg = Release|Any CPU
		{0C244968-4288-47AD-97F2-B622FA4F7C71}.Release|Any CPU.Build.0 = Release|Any CPU
	EndGlobalSection
	GlobalSection(SolutionProperties) = preSolution
		HideSolutionNode = FALSE
	EndGlobalSection
EndGlobal
