
Microsoft Visual Studio Solution File, Format Version 12.00
# Visual Studio 14
VisualStudioVersion = 14.0.24720.0
MinimumVisualStudioVersion = 10.0.40219.1
Project("{FAE04EC0-301F-11D3-BF4B-00C04F79EFBC}") = "01.MathProblem", "MathProblem\01.MathProblem.csproj", "{0436C032-D7B0-499C-BECD-37FA32139864}"
EndProject
Project("{FAE04EC0-301F-11D3-BF4B-00C04F79EFBC}") = "02.SumOfDifferences", "SumOfDifferences\02.SumOfDifferences.csproj", "{E4D12DF2-F3E5-470D-BF57-88C230ADBFEE}"
EndProject
Project("{FAE04EC0-301F-11D3-BF4B-00C04F79EFBC}") = "03.BishopPathFinder", "BishopPathFinder\03.BishopPathFinder.csproj", "{B918F45D-460C-4060-A3CB-5A0439BDCC1C}"
EndProject
Project("{FAE04EC0-301F-11D3-BF4B-00C04F79EFBC}") = "04.BracketsAgain", "BracketsAgain\04.BracketsAgain.csproj", "{BD98495D-D1B1-4A49-AD9F-18748BADF059}"
EndProject
Project("{FAE04EC0-301F-11D3-BF4B-00C04F79EFBC}") = "05.TheCatAteIt", "05.TheCatAteIt\05.TheCatAteIt.csproj", "{523F86F3-0D9C-45DF-8E63-45CE3806D786}"
EndProject
Global
	GlobalSection(SolutionConfigurationPlatforms) = preSolution
		Debug|Any CPU = Debug|Any CPU
		Release|Any CPU = Release|Any CPU
	EndGlobalSection
	GlobalSection(ProjectConfigurationPlatforms) = postSolution
		{0436C032-D7B0-499C-BECD-37FA32139864}.Debug|Any CPU.ActiveCfg = Debug|Any CPU
		{0436C032-D7B0-499C-BECD-37FA32139864}.Debug|Any CPU.Build.0 = Debug|Any CPU
		{0436C032-D7B0-499C-BECD-37FA32139864}.Release|Any CPU.ActiveCfg = Release|Any CPU
		{0436C032-D7B0-499C-BECD-37FA32139864}.Release|Any CPU.Build.0 = Release|Any CPU
		{E4D12DF2-F3E5-470D-BF57-88C230ADBFEE}.Debug|Any CPU.ActiveCfg = Debug|Any CPU
		{E4D12DF2-F3E5-470D-BF57-88C230ADBFEE}.Debug|Any CPU.Build.0 = Debug|Any CPU
		{E4D12DF2-F3E5-470D-BF57-88C230ADBFEE}.Release|Any CPU.ActiveCfg = Release|Any CPU
		{E4D12DF2-F3E5-470D-BF57-88C230ADBFEE}.Release|Any CPU.Build.0 = Release|Any CPU
		{B918F45D-460C-4060-A3CB-5A0439BDCC1C}.Debug|Any CPU.ActiveCfg = Debug|Any CPU
		{B918F45D-460C-4060-A3CB-5A0439BDCC1C}.Debug|Any CPU.Build.0 = Debug|Any CPU
		{B918F45D-460C-4060-A3CB-5A0439BDCC1C}.Release|Any CPU.ActiveCfg = Release|Any CPU
		{B918F45D-460C-4060-A3CB-5A0439BDCC1C}.Release|Any CPU.Build.0 = Release|Any CPU
		{BD98495D-D1B1-4A49-AD9F-18748BADF059}.Debug|Any CPU.ActiveCfg = Debug|Any CPU
		{BD98495D-D1B1-4A49-AD9F-18748BADF059}.Debug|Any CPU.Build.0 = Debug|Any CPU
		{BD98495D-D1B1-4A49-AD9F-18748BADF059}.Release|Any CPU.ActiveCfg = Release|Any CPU
		{BD98495D-D1B1-4A49-AD9F-18748BADF059}.Release|Any CPU.Build.0 = Release|Any CPU
		{523F86F3-0D9C-45DF-8E63-45CE3806D786}.Debug|Any CPU.ActiveCfg = Debug|Any CPU
		{523F86F3-0D9C-45DF-8E63-45CE3806D786}.Debug|Any CPU.Build.0 = Debug|Any CPU
		{523F86F3-0D9C-45DF-8E63-45CE3806D786}.Release|Any CPU.ActiveCfg = Release|Any CPU
		{523F86F3-0D9C-45DF-8E63-45CE3806D786}.Release|Any CPU.Build.0 = Release|Any CPU
	EndGlobalSection
	GlobalSection(SolutionProperties) = preSolution
		HideSolutionNode = FALSE
	EndGlobalSection
EndGlobal
