
Microsoft Visual Studio Solution File, Format Version 12.00
# Visual Studio 14
VisualStudioVersion = 14.0.23107.0
MinimumVisualStudioVersion = 10.0.40219.1
Project("{FAE04EC0-301F-11D3-BF4B-00C04F79EFBC}") = "01.OddOrEvenIntegers", "01.OddOrEvenIntegers\01.OddOrEvenIntegers.csproj", "{CC590B23-E3E1-4569-9E82-03AA0D13311B}"
EndProject
Project("{FAE04EC0-301F-11D3-BF4B-00C04F79EFBC}") = "02.GravitationOnTheMoon", "02.GravitationOnTheMoon\02.GravitationOnTheMoon.csproj", "{9081AE2F-F09B-46DB-8FC7-5A5835889CC9}"
EndProject
Project("{FAE04EC0-301F-11D3-BF4B-00C04F79EFBC}") = "03.DivideBySevenAndFive", "03.DivideBySevenAndFive\03.DivideBySevenAndFive.csproj", "{6516FD8F-E4A2-4872-B533-963741255234}"
EndProject
Project("{FAE04EC0-301F-11D3-BF4B-00C04F79EFBC}") = "04.Rectangles", "04.Rectangles\04.Rectangles.csproj", "{CB58C872-F51D-4509-921C-E5B72DFA6AB5}"
EndProject
Project("{FAE04EC0-301F-11D3-BF4B-00C04F79EFBC}") = "05.IsThirdDigitSeven", "05.IsThirdDigitSeven\05.IsThirdDigitSeven.csproj", "{94951CCF-CC24-419D-9675-3B74B4C0C41D}"
EndProject
Project("{FAE04EC0-301F-11D3-BF4B-00C04F79EFBC}") = "06.FourDigitNumber", "06.FourDigitNumber\06.FourDigitNumber.csproj", "{A79E0224-5676-4680-9688-77349FDFA453}"
EndProject
Project("{FAE04EC0-301F-11D3-BF4B-00C04F79EFBC}") = "07.PointInACircle", "07.PointInACircle\07.PointInACircle.csproj", "{163D1DFD-83AF-40BA-8A86-323D5035BAED}"
EndProject
Project("{FAE04EC0-301F-11D3-BF4B-00C04F79EFBC}") = "08.PrimeNumberCheck", "08.PrimeNumberCheck\08.PrimeNumberCheck.csproj", "{EE851385-E8A0-4C5A-B5F5-28D194277771}"
EndProject
Project("{FAE04EC0-301F-11D3-BF4B-00C04F79EFBC}") = "09.TrapezoidsArea", "09.TrapezoidsArea\09.TrapezoidsArea.csproj", "{D9E97882-DBF7-4899-95B2-CB1E1EF298EB}"
EndProject
Project("{FAE04EC0-301F-11D3-BF4B-00C04F79EFBC}") = "10.PointInsideACircleAndOutsideOfARectangle", "10.PointInsideACircleAndOutsideOfARectangle\10.PointInsideACircleAndOutsideOfARectangle.csproj", "{657615EF-005E-4266-9C7E-97E189A59DE2}"
EndProject
Project("{FAE04EC0-301F-11D3-BF4B-00C04F79EFBC}") = "11.ExtractThirdBit", "11.ExtractThirdBit\11.ExtractThirdBit.csproj", "{10AFFF6B-F6FB-4F5B-9513-5F12AB79EA4F}"
EndProject
Project("{FAE04EC0-301F-11D3-BF4B-00C04F79EFBC}") = "12.ExtractBitFromInteger", "12.ExtractBitFromInteger\12.ExtractBitFromInteger.csproj", "{3E12F545-DA55-4274-A5BB-6E064A0CD5C5}"
EndProject
Project("{FAE04EC0-301F-11D3-BF4B-00C04F79EFBC}") = "13.CheckABitAtGivenPosition", "13.CheckABitAtGivenPosition\13.CheckABitAtGivenPosition.csproj", "{8C08D243-6CC0-40BA-98CB-6694C068AA54}"
EndProject
Project("{FAE04EC0-301F-11D3-BF4B-00C04F79EFBC}") = "14.ModifyABitAtGivenPosition", "14.ModifyABitAtGivenPosition\14.ModifyABitAtGivenPosition.csproj", "{C6682775-44B3-4AA9-ACC0-2708E537D0D7}"
EndProject
Project("{FAE04EC0-301F-11D3-BF4B-00C04F79EFBC}") = "15.BitsExchange", "15.BitsExchange\15.BitsExchange.csproj", "{EB3D77E4-E6C5-4D84-9C04-8CBCE63DFCFE}"
EndProject
Project("{FAE04EC0-301F-11D3-BF4B-00C04F79EFBC}") = "16.BitsExchangeAdvanced", "16.BitsExchangeAdvanced\16.BitsExchangeAdvanced.csproj", "{3F16DAED-C8E3-4BD8-AE77-59E24C5C9CB8}"
EndProject
Global
	GlobalSection(SolutionConfigurationPlatforms) = preSolution
		Debug|Any CPU = Debug|Any CPU
		Release|Any CPU = Release|Any CPU
	EndGlobalSection
	GlobalSection(ProjectConfigurationPlatforms) = postSolution
		{CC590B23-E3E1-4569-9E82-03AA0D13311B}.Debug|Any CPU.ActiveCfg = Debug|Any CPU
		{CC590B23-E3E1-4569-9E82-03AA0D13311B}.Debug|Any CPU.Build.0 = Debug|Any CPU
		{CC590B23-E3E1-4569-9E82-03AA0D13311B}.Release|Any CPU.ActiveCfg = Release|Any CPU
		{CC590B23-E3E1-4569-9E82-03AA0D13311B}.Release|Any CPU.Build.0 = Release|Any CPU
		{9081AE2F-F09B-46DB-8FC7-5A5835889CC9}.Debug|Any CPU.ActiveCfg = Debug|Any CPU
		{9081AE2F-F09B-46DB-8FC7-5A5835889CC9}.Debug|Any CPU.Build.0 = Debug|Any CPU
		{9081AE2F-F09B-46DB-8FC7-5A5835889CC9}.Release|Any CPU.ActiveCfg = Release|Any CPU
		{9081AE2F-F09B-46DB-8FC7-5A5835889CC9}.Release|Any CPU.Build.0 = Release|Any CPU
		{6516FD8F-E4A2-4872-B533-963741255234}.Debug|Any CPU.ActiveCfg = Debug|Any CPU
		{6516FD8F-E4A2-4872-B533-963741255234}.Debug|Any CPU.Build.0 = Debug|Any CPU
		{6516FD8F-E4A2-4872-B533-963741255234}.Release|Any CPU.ActiveCfg = Release|Any CPU
		{6516FD8F-E4A2-4872-B533-963741255234}.Release|Any CPU.Build.0 = Release|Any CPU
		{CB58C872-F51D-4509-921C-E5B72DFA6AB5}.Debug|Any CPU.ActiveCfg = Debug|Any CPU
		{CB58C872-F51D-4509-921C-E5B72DFA6AB5}.Debug|Any CPU.Build.0 = Debug|Any CPU
		{CB58C872-F51D-4509-921C-E5B72DFA6AB5}.Release|Any CPU.ActiveCfg = Release|Any CPU
		{CB58C872-F51D-4509-921C-E5B72DFA6AB5}.Release|Any CPU.Build.0 = Release|Any CPU
		{94951CCF-CC24-419D-9675-3B74B4C0C41D}.Debug|Any CPU.ActiveCfg = Debug|Any CPU
		{94951CCF-CC24-419D-9675-3B74B4C0C41D}.Debug|Any CPU.Build.0 = Debug|Any CPU
		{94951CCF-CC24-419D-9675-3B74B4C0C41D}.Release|Any CPU.ActiveCfg = Release|Any CPU
		{94951CCF-CC24-419D-9675-3B74B4C0C41D}.Release|Any CPU.Build.0 = Release|Any CPU
		{A79E0224-5676-4680-9688-77349FDFA453}.Debug|Any CPU.ActiveCfg = Debug|Any CPU
		{A79E0224-5676-4680-9688-77349FDFA453}.Debug|Any CPU.Build.0 = Debug|Any CPU
		{A79E0224-5676-4680-9688-77349FDFA453}.Release|Any CPU.ActiveCfg = Release|Any CPU
		{A79E0224-5676-4680-9688-77349FDFA453}.Release|Any CPU.Build.0 = Release|Any CPU
		{163D1DFD-83AF-40BA-8A86-323D5035BAED}.Debug|Any CPU.ActiveCfg = Debug|Any CPU
		{163D1DFD-83AF-40BA-8A86-323D5035BAED}.Debug|Any CPU.Build.0 = Debug|Any CPU
		{163D1DFD-83AF-40BA-8A86-323D5035BAED}.Release|Any CPU.ActiveCfg = Release|Any CPU
		{163D1DFD-83AF-40BA-8A86-323D5035BAED}.Release|Any CPU.Build.0 = Release|Any CPU
		{EE851385-E8A0-4C5A-B5F5-28D194277771}.Debug|Any CPU.ActiveCfg = Debug|Any CPU
		{EE851385-E8A0-4C5A-B5F5-28D194277771}.Debug|Any CPU.Build.0 = Debug|Any CPU
		{EE851385-E8A0-4C5A-B5F5-28D194277771}.Release|Any CPU.ActiveCfg = Release|Any CPU
		{EE851385-E8A0-4C5A-B5F5-28D194277771}.Release|Any CPU.Build.0 = Release|Any CPU
		{D9E97882-DBF7-4899-95B2-CB1E1EF298EB}.Debug|Any CPU.ActiveCfg = Debug|Any CPU
		{D9E97882-DBF7-4899-95B2-CB1E1EF298EB}.Debug|Any CPU.Build.0 = Debug|Any CPU
		{D9E97882-DBF7-4899-95B2-CB1E1EF298EB}.Release|Any CPU.ActiveCfg = Release|Any CPU
		{D9E97882-DBF7-4899-95B2-CB1E1EF298EB}.Release|Any CPU.Build.0 = Release|Any CPU
		{657615EF-005E-4266-9C7E-97E189A59DE2}.Debug|Any CPU.ActiveCfg = Debug|Any CPU
		{657615EF-005E-4266-9C7E-97E189A59DE2}.Debug|Any CPU.Build.0 = Debug|Any CPU
		{657615EF-005E-4266-9C7E-97E189A59DE2}.Release|Any CPU.ActiveCfg = Release|Any CPU
		{657615EF-005E-4266-9C7E-97E189A59DE2}.Release|Any CPU.Build.0 = Release|Any CPU
		{10AFFF6B-F6FB-4F5B-9513-5F12AB79EA4F}.Debug|Any CPU.ActiveCfg = Debug|Any CPU
		{10AFFF6B-F6FB-4F5B-9513-5F12AB79EA4F}.Debug|Any CPU.Build.0 = Debug|Any CPU
		{10AFFF6B-F6FB-4F5B-9513-5F12AB79EA4F}.Release|Any CPU.ActiveCfg = Release|Any CPU
		{10AFFF6B-F6FB-4F5B-9513-5F12AB79EA4F}.Release|Any CPU.Build.0 = Release|Any CPU
		{3E12F545-DA55-4274-A5BB-6E064A0CD5C5}.Debug|Any CPU.ActiveCfg = Debug|Any CPU
		{3E12F545-DA55-4274-A5BB-6E064A0CD5C5}.Debug|Any CPU.Build.0 = Debug|Any CPU
		{3E12F545-DA55-4274-A5BB-6E064A0CD5C5}.Release|Any CPU.ActiveCfg = Release|Any CPU
		{3E12F545-DA55-4274-A5BB-6E064A0CD5C5}.Release|Any CPU.Build.0 = Release|Any CPU
		{8C08D243-6CC0-40BA-98CB-6694C068AA54}.Debug|Any CPU.ActiveCfg = Debug|Any CPU
		{8C08D243-6CC0-40BA-98CB-6694C068AA54}.Debug|Any CPU.Build.0 = Debug|Any CPU
		{8C08D243-6CC0-40BA-98CB-6694C068AA54}.Release|Any CPU.ActiveCfg = Release|Any CPU
		{8C08D243-6CC0-40BA-98CB-6694C068AA54}.Release|Any CPU.Build.0 = Release|Any CPU
		{C6682775-44B3-4AA9-ACC0-2708E537D0D7}.Debug|Any CPU.ActiveCfg = Debug|Any CPU
		{C6682775-44B3-4AA9-ACC0-2708E537D0D7}.Debug|Any CPU.Build.0 = Debug|Any CPU
		{C6682775-44B3-4AA9-ACC0-2708E537D0D7}.Release|Any CPU.ActiveCfg = Release|Any CPU
		{C6682775-44B3-4AA9-ACC0-2708E537D0D7}.Release|Any CPU.Build.0 = Release|Any CPU
		{EB3D77E4-E6C5-4D84-9C04-8CBCE63DFCFE}.Debug|Any CPU.ActiveCfg = Debug|Any CPU
		{EB3D77E4-E6C5-4D84-9C04-8CBCE63DFCFE}.Debug|Any CPU.Build.0 = Debug|Any CPU
		{EB3D77E4-E6C5-4D84-9C04-8CBCE63DFCFE}.Release|Any CPU.ActiveCfg = Release|Any CPU
		{EB3D77E4-E6C5-4D84-9C04-8CBCE63DFCFE}.Release|Any CPU.Build.0 = Release|Any CPU
		{3F16DAED-C8E3-4BD8-AE77-59E24C5C9CB8}.Debug|Any CPU.ActiveCfg = Debug|Any CPU
		{3F16DAED-C8E3-4BD8-AE77-59E24C5C9CB8}.Debug|Any CPU.Build.0 = Debug|Any CPU
		{3F16DAED-C8E3-4BD8-AE77-59E24C5C9CB8}.Release|Any CPU.ActiveCfg = Release|Any CPU
		{3F16DAED-C8E3-4BD8-AE77-59E24C5C9CB8}.Release|Any CPU.Build.0 = Release|Any CPU
	EndGlobalSection
	GlobalSection(SolutionProperties) = preSolution
		HideSolutionNode = FALSE
	EndGlobalSection
EndGlobal
