
Microsoft Visual Studio Solution File, Format Version 12.00
# Visual Studio 2013
VisualStudioVersion = 12.0.21005.1
MinimumVisualStudioVersion = 10.0.40219.1
Project("{FAE04EC0-301F-11D3-BF4B-00C04F79EFBC}") = "01.School", "School\01.School.csproj", "{404FCB12-EDC0-4275-86DD-2180CCEC208D}"
EndProject
Project("{FAE04EC0-301F-11D3-BF4B-00C04F79EFBC}") = "02.StudentsAndWorkers", "StudentsAndWorkers\02.StudentsAndWorkers.csproj", "{91BFFCA4-F16D-49E1-BA63-507802E0EA34}"
EndProject
Project("{FAE04EC0-301F-11D3-BF4B-00C04F79EFBC}") = "03.AnimalHierarchy", "AnimalHierarchy\03.AnimalHierarchy.csproj", "{7D945944-3225-49CC-9478-83ABB260D9A7}"
EndProject
Global
	GlobalSection(SolutionConfigurationPlatforms) = preSolution
		Debug|Any CPU = Debug|Any CPU
		Release|Any CPU = Release|Any CPU
	EndGlobalSection
	GlobalSection(ProjectConfigurationPlatforms) = postSolution
		{404FCB12-EDC0-4275-86DD-2180CCEC208D}.Debug|Any CPU.ActiveCfg = Debug|Any CPU
		{404FCB12-EDC0-4275-86DD-2180CCEC208D}.Debug|Any CPU.Build.0 = Debug|Any CPU
		{404FCB12-EDC0-4275-86DD-2180CCEC208D}.Release|Any CPU.ActiveCfg = Release|Any CPU
		{404FCB12-EDC0-4275-86DD-2180CCEC208D}.Release|Any CPU.Build.0 = Release|Any CPU
		{91BFFCA4-F16D-49E1-BA63-507802E0EA34}.Debug|Any CPU.ActiveCfg = Debug|Any CPU
		{91BFFCA4-F16D-49E1-BA63-507802E0EA34}.Debug|Any CPU.Build.0 = Debug|Any CPU
		{91BFFCA4-F16D-49E1-BA63-507802E0EA34}.Release|Any CPU.ActiveCfg = Release|Any CPU
		{91BFFCA4-F16D-49E1-BA63-507802E0EA34}.Release|Any CPU.Build.0 = Release|Any CPU
		{7D945944-3225-49CC-9478-83ABB260D9A7}.Debug|Any CPU.ActiveCfg = Debug|Any CPU
		{7D945944-3225-49CC-9478-83ABB260D9A7}.Debug|Any CPU.Build.0 = Debug|Any CPU
		{7D945944-3225-49CC-9478-83ABB260D9A7}.Release|Any CPU.ActiveCfg = Release|Any CPU
		{7D945944-3225-49CC-9478-83ABB260D9A7}.Release|Any CPU.Build.0 = Release|Any CPU
	EndGlobalSection
	GlobalSection(SolutionProperties) = preSolution
		HideSolutionNode = FALSE
	EndGlobalSection
EndGlobal
