
Microsoft Visual Studio Solution File, Format Version 12.00
# Visual Studio 2013
VisualStudioVersion = 12.0.21005.1
MinimumVisualStudioVersion = 10.0.40219.1
Project("{FAE04EC0-301F-11D3-BF4B-00C04F79EFBC}") = "03.CohesionAndCoupling", "03.CohesionAndCoupling\03.CohesionAndCoupling.csproj", "{E209E0F2-E345-4F35-BA42-E9126CCF6365}"
EndProject
Project("{FAE04EC0-301F-11D3-BF4B-00C04F79EFBC}") = "04.InheritanceАndPolymorphism", "04.InheritanceАndPolymorphism\04.InheritanceАndPolymorphism.csproj", "{4968E351-8A05-4FD3-BB77-64E5116F339D}"
EndProject
Project("{FAE04EC0-301F-11D3-BF4B-00C04F79EFBC}") = "01-02.GoodAbstractionAndEncapsulation", "01-02.GoodAbstractionAndEncapsulation\01-02.GoodAbstractionAndEncapsulation.csproj", "{345F3C1D-292D-4F69-8A29-71A3E2299040}"
EndProject
Global
	GlobalSection(SolutionConfigurationPlatforms) = preSolution
		Debug|Any CPU = Debug|Any CPU
		Release|Any CPU = Release|Any CPU
	EndGlobalSection
	GlobalSection(ProjectConfigurationPlatforms) = postSolution
		{E209E0F2-E345-4F35-BA42-E9126CCF6365}.Debug|Any CPU.ActiveCfg = Debug|Any CPU
		{E209E0F2-E345-4F35-BA42-E9126CCF6365}.Debug|Any CPU.Build.0 = Debug|Any CPU
		{E209E0F2-E345-4F35-BA42-E9126CCF6365}.Release|Any CPU.ActiveCfg = Release|Any CPU
		{E209E0F2-E345-4F35-BA42-E9126CCF6365}.Release|Any CPU.Build.0 = Release|Any CPU
		{4968E351-8A05-4FD3-BB77-64E5116F339D}.Debug|Any CPU.ActiveCfg = Debug|Any CPU
		{4968E351-8A05-4FD3-BB77-64E5116F339D}.Debug|Any CPU.Build.0 = Debug|Any CPU
		{4968E351-8A05-4FD3-BB77-64E5116F339D}.Release|Any CPU.ActiveCfg = Release|Any CPU
		{4968E351-8A05-4FD3-BB77-64E5116F339D}.Release|Any CPU.Build.0 = Release|Any CPU
		{345F3C1D-292D-4F69-8A29-71A3E2299040}.Debug|Any CPU.ActiveCfg = Debug|Any CPU
		{345F3C1D-292D-4F69-8A29-71A3E2299040}.Debug|Any CPU.Build.0 = Debug|Any CPU
		{345F3C1D-292D-4F69-8A29-71A3E2299040}.Release|Any CPU.ActiveCfg = Release|Any CPU
		{345F3C1D-292D-4F69-8A29-71A3E2299040}.Release|Any CPU.Build.0 = Release|Any CPU
	EndGlobalSection
	GlobalSection(SolutionProperties) = preSolution
		HideSolutionNode = FALSE
	EndGlobalSection
EndGlobal
