
Microsoft Visual Studio Solution File, Format Version 12.00
# Visual Studio 14
VisualStudioVersion = 14.0.24720.0
MinimumVisualStudioVersion = 10.0.40219.1
Project("{FAE04EC0-301F-11D3-BF4B-00C04F79EFBC}") = "01.Printing", "01.Printing\01.Printing.csproj", "{84328132-CE92-47A6-8920-B51362B2B63F}"
EndProject
Project("{FAE04EC0-301F-11D3-BF4B-00C04F79EFBC}") = "02.TextToNumber", "02.TextToNumber\02.TextToNumber.csproj", "{EA1B0799-610D-4395-885C-44F57FC9F60B}"
EndProject
Project("{FAE04EC0-301F-11D3-BF4B-00C04F79EFBC}") = "03.SaddyKopper", "03.SaddyKopper\03.SaddyKopper.csproj", "{A7805EC8-CEF2-4F3C-98A8-A3A4A7B123A8}"
EndProject
Project("{FAE04EC0-301F-11D3-BF4B-00C04F79EFBC}") = "04.Cube", "04.Cube\04.Cube.csproj", "{FB736D63-93C0-418B-ACB1-2B6E0C876654}"
EndProject
Project("{FAE04EC0-301F-11D3-BF4B-00C04F79EFBC}") = "05.BitsToBits", "05.BitsToBits\05.BitsToBits.csproj", "{00DA4E2B-EFB2-44F4-945D-A4C70E496E4F}"
EndProject
Global
	GlobalSection(SolutionConfigurationPlatforms) = preSolution
		Debug|Any CPU = Debug|Any CPU
		Release|Any CPU = Release|Any CPU
	EndGlobalSection
	GlobalSection(ProjectConfigurationPlatforms) = postSolution
		{84328132-CE92-47A6-8920-B51362B2B63F}.Debug|Any CPU.ActiveCfg = Debug|Any CPU
		{84328132-CE92-47A6-8920-B51362B2B63F}.Debug|Any CPU.Build.0 = Debug|Any CPU
		{84328132-CE92-47A6-8920-B51362B2B63F}.Release|Any CPU.ActiveCfg = Release|Any CPU
		{84328132-CE92-47A6-8920-B51362B2B63F}.Release|Any CPU.Build.0 = Release|Any CPU
		{EA1B0799-610D-4395-885C-44F57FC9F60B}.Debug|Any CPU.ActiveCfg = Debug|Any CPU
		{EA1B0799-610D-4395-885C-44F57FC9F60B}.Debug|Any CPU.Build.0 = Debug|Any CPU
		{EA1B0799-610D-4395-885C-44F57FC9F60B}.Release|Any CPU.ActiveCfg = Release|Any CPU
		{EA1B0799-610D-4395-885C-44F57FC9F60B}.Release|Any CPU.Build.0 = Release|Any CPU
		{A7805EC8-CEF2-4F3C-98A8-A3A4A7B123A8}.Debug|Any CPU.ActiveCfg = Debug|Any CPU
		{A7805EC8-CEF2-4F3C-98A8-A3A4A7B123A8}.Debug|Any CPU.Build.0 = Debug|Any CPU
		{A7805EC8-CEF2-4F3C-98A8-A3A4A7B123A8}.Release|Any CPU.ActiveCfg = Release|Any CPU
		{A7805EC8-CEF2-4F3C-98A8-A3A4A7B123A8}.Release|Any CPU.Build.0 = Release|Any CPU
		{FB736D63-93C0-418B-ACB1-2B6E0C876654}.Debug|Any CPU.ActiveCfg = Debug|Any CPU
		{FB736D63-93C0-418B-ACB1-2B6E0C876654}.Debug|Any CPU.Build.0 = Debug|Any CPU
		{FB736D63-93C0-418B-ACB1-2B6E0C876654}.Release|Any CPU.ActiveCfg = Release|Any CPU
		{FB736D63-93C0-418B-ACB1-2B6E0C876654}.Release|Any CPU.Build.0 = Release|Any CPU
		{00DA4E2B-EFB2-44F4-945D-A4C70E496E4F}.Debug|Any CPU.ActiveCfg = Debug|Any CPU
		{00DA4E2B-EFB2-44F4-945D-A4C70E496E4F}.Debug|Any CPU.Build.0 = Debug|Any CPU
		{00DA4E2B-EFB2-44F4-945D-A4C70E496E4F}.Release|Any CPU.ActiveCfg = Release|Any CPU
		{00DA4E2B-EFB2-44F4-945D-A4C70E496E4F}.Release|Any CPU.Build.0 = Release|Any CPU
	EndGlobalSection
	GlobalSection(SolutionProperties) = preSolution
		HideSolutionNode = FALSE
	EndGlobalSection
EndGlobal
