
Microsoft Visual Studio Solution File, Format Version 12.00
# Visual Studio 2013
VisualStudioVersion = 12.0.21005.1
MinimumVisualStudioVersion = 10.0.40219.1
Project("{FAE04EC0-301F-11D3-BF4B-00C04F79EFBC}") = "Task3", "Task3\Task3.csproj", "{C45C8364-1914-406F-8B65-C59B312E232E}"
EndProject
Project("{FAE04EC0-301F-11D3-BF4B-00C04F79EFBC}") = "Task2", "Task2\Task2.csproj", "{BBBB8FD9-2E4D-4F2D-843F-FB4B140B378E}"
EndProject
Project("{FAE04EC0-301F-11D3-BF4B-00C04F79EFBC}") = "Task1", "Task1\Task1.csproj", "{C19B5E88-FA10-49A3-B4D0-90B72B4C85FC}"
EndProject
Global
	GlobalSection(SolutionConfigurationPlatforms) = preSolution
		Debug|Any CPU = Debug|Any CPU
		Release|Any CPU = Release|Any CPU
	EndGlobalSection
	GlobalSection(ProjectConfigurationPlatforms) = postSolution
		{C45C8364-1914-406F-8B65-C59B312E232E}.Debug|Any CPU.ActiveCfg = Debug|Any CPU
		{C45C8364-1914-406F-8B65-C59B312E232E}.Debug|Any CPU.Build.0 = Debug|Any CPU
		{C45C8364-1914-406F-8B65-C59B312E232E}.Release|Any CPU.ActiveCfg = Release|Any CPU
		{C45C8364-1914-406F-8B65-C59B312E232E}.Release|Any CPU.Build.0 = Release|Any CPU
		{BBBB8FD9-2E4D-4F2D-843F-FB4B140B378E}.Debug|Any CPU.ActiveCfg = Debug|Any CPU
		{BBBB8FD9-2E4D-4F2D-843F-FB4B140B378E}.Debug|Any CPU.Build.0 = Debug|Any CPU
		{BBBB8FD9-2E4D-4F2D-843F-FB4B140B378E}.Release|Any CPU.ActiveCfg = Release|Any CPU
		{BBBB8FD9-2E4D-4F2D-843F-FB4B140B378E}.Release|Any CPU.Build.0 = Release|Any CPU
		{C19B5E88-FA10-49A3-B4D0-90B72B4C85FC}.Debug|Any CPU.ActiveCfg = Debug|Any CPU
		{C19B5E88-FA10-49A3-B4D0-90B72B4C85FC}.Debug|Any CPU.Build.0 = Debug|Any CPU
		{C19B5E88-FA10-49A3-B4D0-90B72B4C85FC}.Release|Any CPU.ActiveCfg = Release|Any CPU
		{C19B5E88-FA10-49A3-B4D0-90B72B4C85FC}.Release|Any CPU.Build.0 = Release|Any CPU
	EndGlobalSection
	GlobalSection(SolutionProperties) = preSolution
		HideSolutionNode = FALSE
	EndGlobalSection
EndGlobal
