
Microsoft Visual Studio Solution File, Format Version 12.00
# Visual Studio 2013
VisualStudioVersion = 12.0.31101.0
MinimumVisualStudioVersion = 10.0.40219.1
Project("{FAE04EC0-301F-11D3-BF4B-00C04F79EFBC}") = "RotatingWalkInMatrix", "RotatingWalkInMatrix\RotatingWalkInMatrix.csproj", "{94EA0F17-5931-4936-83E7-ED81C07242B2}"
EndProject
Project("{FAE04EC0-301F-11D3-BF4B-00C04F79EFBC}") = "RotatingWalkInMatrix.Test", "RotatingWalkInMatrix.Test\RotatingWalkInMatrix.Test.csproj", "{C31672E7-7180-4886-A0F6-D9E02D414F22}"
EndProject
Global
	GlobalSection(SolutionConfigurationPlatforms) = preSolution
		Debug|Any CPU = Debug|Any CPU
		Release|Any CPU = Release|Any CPU
	EndGlobalSection
	GlobalSection(ProjectConfigurationPlatforms) = postSolution
		{94EA0F17-5931-4936-83E7-ED81C07242B2}.Debug|Any CPU.ActiveCfg = Debug|Any CPU
		{94EA0F17-5931-4936-83E7-ED81C07242B2}.Debug|Any CPU.Build.0 = Debug|Any CPU
		{94EA0F17-5931-4936-83E7-ED81C07242B2}.Release|Any CPU.ActiveCfg = Release|Any CPU
		{94EA0F17-5931-4936-83E7-ED81C07242B2}.Release|Any CPU.Build.0 = Release|Any CPU
		{C31672E7-7180-4886-A0F6-D9E02D414F22}.Debug|Any CPU.ActiveCfg = Debug|Any CPU
		{C31672E7-7180-4886-A0F6-D9E02D414F22}.Debug|Any CPU.Build.0 = Debug|Any CPU
		{C31672E7-7180-4886-A0F6-D9E02D414F22}.Release|Any CPU.ActiveCfg = Release|Any CPU
		{C31672E7-7180-4886-A0F6-D9E02D414F22}.Release|Any CPU.Build.0 = Release|Any CPU
	EndGlobalSection
	GlobalSection(SolutionProperties) = preSolution
		HideSolutionNode = FALSE
	EndGlobalSection
EndGlobal
